
Microsoft Visual Studio Solution File, Format Version 12.00
# Visual Studio 15
VisualStudioVersion = 15.0.28307.705
MinimumVisualStudioVersion = 10.0.40219.1
Project("{FAE04EC0-301F-11D3-BF4B-00C04F79EFBC}") = "Picture Exam", "Picture Exam\Picture Exam.csproj", "{317B9A4B-1177-408B-8B98-C88BFEBAA75A}"
EndProject
Global
	GlobalSection(SolutionConfigurationPlatforms) = preSolution
		Debug|Any CPU = Debug|Any CPU
		Release|Any CPU = Release|Any CPU
	EndGlobalSection
	GlobalSection(ProjectConfigurationPlatforms) = postSolution
		{317B9A4B-1177-408B-8B98-C88BFEBAA75A}.Debug|Any CPU.ActiveCfg = Debug|Any CPU
		{317B9A4B-1177-408B-8B98-C88BFEBAA75A}.Debug|Any CPU.Build.0 = Debug|Any CPU
		{317B9A4B-1177-408B-8B98-C88BFEBAA75A}.Release|Any CPU.ActiveCfg = Release|Any CPU
		{317B9A4B-1177-408B-8B98-C88BFEBAA75A}.Release|Any CPU.Build.0 = Release|Any CPU
	EndGlobalSection
	GlobalSection(SolutionProperties) = preSolution
		HideSolutionNode = FALSE
	EndGlobalSection
	GlobalSection(ExtensibilityGlobals) = postSolution
		SolutionGuid = {6650360F-AED3-4BD3-8935-F1FA70032F74}
	EndGlobalSection
EndGlobal
